
Microsoft Visual Studio Solution File, Format Version 12.00
# Visual Studio Version 17
VisualStudioVersion = 17.11.35327.3
MinimumVisualStudioVersion = 10.0.40219.1
Project("{FAE04EC0-301F-11D3-BF4B-00C04F79EFBC}") = "SysObiOnline", "SysObiOnline.csproj", "{B23E1A54-EF40-408C-8F0B-02595D3E4571}"
EndProject
Global
	GlobalSection(SolutionConfigurationPlatforms) = preSolution
		Debug|Any CPU = Debug|Any CPU
		Release|Any CPU = Release|Any CPU
	EndGlobalSection
	GlobalSection(ProjectConfigurationPlatforms) = postSolution
		{B23E1A54-EF40-408C-8F0B-02595D3E4571}.Debug|Any CPU.ActiveCfg = Debug|Any CPU
		{B23E1A54-EF40-408C-8F0B-02595D3E4571}.Debug|Any CPU.Build.0 = Debug|Any CPU
		{B23E1A54-EF40-408C-8F0B-02595D3E4571}.Release|Any CPU.ActiveCfg = Release|Any CPU
		{B23E1A54-EF40-408C-8F0B-02595D3E4571}.Release|Any CPU.Build.0 = Release|Any CPU
	EndGlobalSection
	GlobalSection(SolutionProperties) = preSolution
		HideSolutionNode = FALSE
	EndGlobalSection
	GlobalSection(ExtensibilityGlobals) = postSolution
		SolutionGuid = {909655AD-4F79-4007-AB63-73C34DA9EBE3}
	EndGlobalSection
EndGlobal
